
Microsoft Visual Studio Solution File, Format Version 12.00
# Visual Studio Version 16
VisualStudioVersion = 16.0.29403.142
MinimumVisualStudioVersion = 10.0.40219.1
Project("{FAE04EC0-301F-11D3-BF4B-00C04F79EFBC}") = "MVC_second", "MVC_second\MVC_second.csproj", "{B3477768-63D1-44DE-9269-048AA63A61B7}"
EndProject
Global
	GlobalSection(SolutionConfigurationPlatforms) = preSolution
		Debug|Any CPU = Debug|Any CPU
		Release|Any CPU = Release|Any CPU
	EndGlobalSection
	GlobalSection(ProjectConfigurationPlatforms) = postSolution
		{B3477768-63D1-44DE-9269-048AA63A61B7}.Debug|Any CPU.ActiveCfg = Debug|Any CPU
		{B3477768-63D1-44DE-9269-048AA63A61B7}.Debug|Any CPU.Build.0 = Debug|Any CPU
		{B3477768-63D1-44DE-9269-048AA63A61B7}.Release|Any CPU.ActiveCfg = Release|Any CPU
		{B3477768-63D1-44DE-9269-048AA63A61B7}.Release|Any CPU.Build.0 = Release|Any CPU
	EndGlobalSection
	GlobalSection(SolutionProperties) = preSolution
		HideSolutionNode = FALSE
	EndGlobalSection
	GlobalSection(ExtensibilityGlobals) = postSolution
		SolutionGuid = {9D32CC0D-6183-4E7D-A7B0-99D47C68231A}
	EndGlobalSection
EndGlobal
