
Microsoft Visual Studio Solution File, Format Version 12.00
# Visual Studio Version 16
VisualStudioVersion = 16.0.29306.81
MinimumVisualStudioVersion = 10.0.40219.1
Project("{FAE04EC0-301F-11D3-BF4B-00C04F79EFBC}") = "Equation", "Equation\Equation.csproj", "{AB910463-854E-4DB7-A39F-C9B6A933B37C}"
EndProject
Global
	GlobalSection(SolutionConfigurationPlatforms) = preSolution
		Debug|Any CPU = Debug|Any CPU
		Release|Any CPU = Release|Any CPU
	EndGlobalSection
	GlobalSection(ProjectConfigurationPlatforms) = postSolution
		{AB910463-854E-4DB7-A39F-C9B6A933B37C}.Debug|Any CPU.ActiveCfg = Debug|Any CPU
		{AB910463-854E-4DB7-A39F-C9B6A933B37C}.Debug|Any CPU.Build.0 = Debug|Any CPU
		{AB910463-854E-4DB7-A39F-C9B6A933B37C}.Release|Any CPU.ActiveCfg = Release|Any CPU
		{AB910463-854E-4DB7-A39F-C9B6A933B37C}.Release|Any CPU.Build.0 = Release|Any CPU
	EndGlobalSection
	GlobalSection(SolutionProperties) = preSolution
		HideSolutionNode = FALSE
	EndGlobalSection
	GlobalSection(ExtensibilityGlobals) = postSolution
		SolutionGuid = {D2AFF12C-EF63-4D82-A6E6-356377083EE2}
	EndGlobalSection
EndGlobal
